<?xml version="1.0" encoding="utf-8"?>
<Project ToolsVersion="4.0" xmlns="http://schemas.microsoft.com/developer/msbuild/2003">
  <ItemGroup>
    <Filter Include="ソース ファイル">
      <UniqueIdentifier>{4FC737F1-C7A5-4376-A066-2A32D752A2FF}</UniqueIdentifier>
      <Extensions>cpp;c;cc;cxx;c++;def;odl;idl;hpj;bat;asm;asmx</Extensions>
    </Filter>
    <Filter Include="ヘッダー ファイル">
      <UniqueIdentifier>{93995380-89BD-4b04-88EB-625FBE52EBFB}</UniqueIdentifier>
      <Extensions>h;hh;hpp;hxx;h++;hm;inl;inc;ipp;xsd</Extensions>
    </Filter>
    <Filter Include="リソース ファイル">
      <UniqueIdentifier>{67DA6AB6-F800-4c08-8B7A-83BB121AAD01}</UniqueIdentifier>
      <Extensions>rc;ico;cur;bmp;dlg;rc2;rct;bin;rgs;gif;jpg;jpeg;jpe;resx;tiff;tif;png;wav;mfcribbon-ms</Extensions>
    </Filter>
    <Filter Include="Scene">
      <UniqueIdentifier>{e9b2d7c1-e37c-477c-875b-440276eafd1b}</UniqueIdentifier>
    </Filter>
    <Filter Include="Scene\SceneManager">
      <UniqueIdentifier>{0232bf81-e968-4c20-bcf9-45a666f175db}</UniqueIdentifier>
    </Filter>
    <Filter Include="Scene\PlayScene">
      <UniqueIdentifier>{7066b894-6a46-4292-ab48-936964053d50}</UniqueIdentifier>
    </Filter>
    <Filter Include="Scene\ResultScene">
      <UniqueIdentifier>{2f641310-61ee-4bbe-9529-f03362128b29}</UniqueIdentifier>
    </Filter>
    <Filter Include="BlockBase">
      <UniqueIdentifier>{16f10872-073c-4aee-a7aa-824cac0b22e1}</UniqueIdentifier>
    </Filter>
    <Filter Include="Field">
      <UniqueIdentifier>{546c0533-e355-4170-abbe-2506ff079f6b}</UniqueIdentifier>
    </Filter>
    <Filter Include="Player">
      <UniqueIdentifier>{af27e4b3-1ea6-46cd-8dd0-123f5a6b0a96}</UniqueIdentifier>
    </Filter>
    <Filter Include="BlockBase\Mystery">
      <UniqueIdentifier>{27ed7dfc-f0ff-44f7-875e-7b7498222e74}</UniqueIdentifier>
    </Filter>
    <Filter Include="BlockBase\Brick">
      <UniqueIdentifier>{6f2ef463-b6b7-424a-990a-944cf661d1ff}</UniqueIdentifier>
    </Filter>
    <Filter Include="ItemBase">
      <UniqueIdentifier>{517fff34-4481-4668-9794-baab46bd0830}</UniqueIdentifier>
    </Filter>
    <Filter Include="Item">
      <UniqueIdentifier>{da0fb93d-554b-4321-ba7e-f666a288fb58}</UniqueIdentifier>
    </Filter>
    <Filter Include="ItemBase\Coin">
      <UniqueIdentifier>{31586293-f6ca-48a4-b520-a19a10e7b4cb}</UniqueIdentifier>
    </Filter>
    <Filter Include="Collision">
      <UniqueIdentifier>{81851509-b997-4517-adc1-0f867bd46718}</UniqueIdentifier>
    </Filter>
    <Filter Include="ItemBase\Powerup">
      <UniqueIdentifier>{58766ec7-c238-4950-895b-8f1d64215cff}</UniqueIdentifier>
    </Filter>
    <Filter Include="PosCollision">
      <UniqueIdentifier>{6dcd9be0-06ad-470b-ab87-bbcb9277e7dc}</UniqueIdentifier>
    </Filter>
    <Filter Include="Enemy">
      <UniqueIdentifier>{1c061138-1eac-4d01-bda0-312cbdeeab0d}</UniqueIdentifier>
    </Filter>
    <Filter Include="EnemyBase">
      <UniqueIdentifier>{58bfa1aa-1e97-4c00-8a21-9b653899f7fd}</UniqueIdentifier>
    </Filter>
    <Filter Include="EnemyBase\Kuribo">
      <UniqueIdentifier>{73003f2f-fb15-459b-ae6e-543f0f5a1a9e}</UniqueIdentifier>
    </Filter>
    <Filter Include="EnemyBase\Turtle">
      <UniqueIdentifier>{0dd2fcaa-3ecf-493c-affa-bfd64c787d17}</UniqueIdentifier>
    </Filter>
    <Filter Include="ItemBase\Goal">
      <UniqueIdentifier>{3d993224-395a-475b-b984-45a3f22e4a78}</UniqueIdentifier>
    </Filter>
    <Filter Include="Fireball">
      <UniqueIdentifier>{b7b66f19-e099-48f5-95ca-b66a8c9811e1}</UniqueIdentifier>
    </Filter>
    <Filter Include="ItemBase\CastleFlag">
      <UniqueIdentifier>{5efa799c-0f18-43a7-93b7-27068e7a5dd0}</UniqueIdentifier>
    </Filter>
    <Filter Include="Share">
      <UniqueIdentifier>{2234b63c-9a70-47ae-a334-ccd2eb2f3bbe}</UniqueIdentifier>
    </Filter>
    <Filter Include="UserInterface">
      <UniqueIdentifier>{995f902b-b292-404f-83ed-7c7a631e5396}</UniqueIdentifier>
    </Filter>
    <Filter Include="UserInterface\UI_Coin">
      <UniqueIdentifier>{ecea364e-3f78-4e11-a970-a932f999ffa4}</UniqueIdentifier>
    </Filter>
    <Filter Include="UserInterface\UI_Score">
      <UniqueIdentifier>{a412c46f-a89b-43ce-8b1a-7c93e469477d}</UniqueIdentifier>
    </Filter>
    <Filter Include="UserInterface\UI_Map">
      <UniqueIdentifier>{c811a5bf-cd44-4af1-a194-2d57d98a9b18}</UniqueIdentifier>
    </Filter>
    <Filter Include="UserInterface\UI_Base">
      <UniqueIdentifier>{c0bea572-78f1-44c3-ab76-9a6c58bcf2b2}</UniqueIdentifier>
    </Filter>
    <Filter Include="UserInterface\UI_Time">
      <UniqueIdentifier>{a222b8ba-0a22-4452-bf96-15dca8c5de3a}</UniqueIdentifier>
    </Filter>
    <Filter Include="GoalFire">
      <UniqueIdentifier>{e13f4af4-5e09-4a36-976a-6b0621b1726e}</UniqueIdentifier>
    </Filter>
  </ItemGroup>
  <ItemGroup>
    <ClCompile Include="main.cpp">
      <Filter>ソース ファイル</Filter>
    </ClCompile>
    <ClCompile Include="result.cpp">
      <Filter>Scene\ResultScene</Filter>
    </ClCompile>
    <ClCompile Include="play.cpp">
      <Filter>Scene\PlayScene</Filter>
    </ClCompile>
    <ClCompile Include="scene_manager.cpp">
      <Filter>Scene\SceneManager</Filter>
    </ClCompile>
    <ClCompile Include="block_base.cpp">
      <Filter>BlockBase</Filter>
    </ClCompile>
    <ClCompile Include="field.cpp">
      <Filter>Field</Filter>
    </ClCompile>
    <ClCompile Include="player.cpp">
      <Filter>Player</Filter>
    </ClCompile>
    <ClCompile Include="mystery.cpp">
      <Filter>BlockBase\Mystery</Filter>
    </ClCompile>
    <ClCompile Include="brick.cpp">
      <Filter>BlockBase\Brick</Filter>
    </ClCompile>
    <ClCompile Include="item_base.cpp">
      <Filter>ItemBase</Filter>
    </ClCompile>
    <ClCompile Include="item.cpp">
      <Filter>Item</Filter>
    </ClCompile>
    <ClCompile Include="coin.cpp">
      <Filter>ItemBase\Coin</Filter>
    </ClCompile>
    <ClCompile Include="collision.cpp">
      <Filter>Collision</Filter>
    </ClCompile>
    <ClCompile Include="power_up.cpp">
      <Filter>ItemBase\Powerup</Filter>
    </ClCompile>
    <ClCompile Include="pos_collision.cpp">
      <Filter>PosCollision</Filter>
    </ClCompile>
    <ClCompile Include="enemy_base.cpp">
      <Filter>EnemyBase</Filter>
    </ClCompile>
    <ClCompile Include="enemy.cpp">
      <Filter>Enemy</Filter>
    </ClCompile>
    <ClCompile Include="kuribo.cpp">
      <Filter>EnemyBase\Kuribo</Filter>
    </ClCompile>
    <ClCompile Include="turtle.cpp">
      <Filter>EnemyBase\Turtle</Filter>
    </ClCompile>
    <ClCompile Include="goal.cpp">
      <Filter>ItemBase\Goal</Filter>
    </ClCompile>
    <ClCompile Include="ball_management.cpp">
      <Filter>Fireball</Filter>
    </ClCompile>
    <ClCompile Include="fire_factory.cpp">
      <Filter>Fireball</Filter>
    </ClCompile>
    <ClCompile Include="castle_flag.cpp">
      <Filter>ItemBase\CastleFlag</Filter>
    </ClCompile>
    <ClCompile Include="share.cpp">
      <Filter>Share</Filter>
    </ClCompile>
    <ClCompile Include="ui_manager.cpp">
      <Filter>UserInterface</Filter>
    </ClCompile>
    <ClCompile Include="ui_map.cpp">
      <Filter>UserInterface\UI_Map</Filter>
    </ClCompile>
    <ClCompile Include="ui_coin.cpp">
      <Filter>UserInterface\UI_Coin</Filter>
    </ClCompile>
    <ClCompile Include="ui_time.cpp">
      <Filter>UserInterface\UI_Time</Filter>
    </ClCompile>
    <ClCompile Include="ui_score.cpp">
      <Filter>UserInterface\UI_Score</Filter>
    </ClCompile>
    <ClCompile Include="xinput.cpp">
      <Filter>ソース ファイル</Filter>
    </ClCompile>
    <ClCompile Include="goal_fire.cpp">
      <Filter>GoalFire</Filter>
    </ClCompile>
  </ItemGroup>
  <ItemGroup>
    <ClInclude Include="result.hpp">
      <Filter>Scene\ResultScene</Filter>
    </ClInclude>
    <ClInclude Include="play.hpp">
      <Filter>Scene\PlayScene</Filter>
    </ClInclude>
    <ClInclude Include="scene_manager.hpp">
      <Filter>Scene\SceneManager</Filter>
    </ClInclude>
    <ClInclude Include="base_scene.hpp">
      <Filter>Scene</Filter>
    </ClInclude>
    <ClInclude Include="release.hpp">
      <Filter>ヘッダー ファイル</Filter>
    </ClInclude>
    <ClInclude Include="block_base.hpp">
      <Filter>BlockBase</Filter>
    </ClInclude>
    <ClInclude Include="field.hpp">
      <Filter>Field</Filter>
    </ClInclude>
    <ClInclude Include="player.hpp">
      <Filter>Player</Filter>
    </ClInclude>
    <ClInclude Include="mystery.hpp">
      <Filter>BlockBase\Mystery</Filter>
    </ClInclude>
    <ClInclude Include="brick.hpp">
      <Filter>BlockBase\Brick</Filter>
    </ClInclude>
    <ClInclude Include="item_base.hpp">
      <Filter>ItemBase</Filter>
    </ClInclude>
    <ClInclude Include="item.hpp">
      <Filter>Item</Filter>
    </ClInclude>
    <ClInclude Include="coin.hpp">
      <Filter>ItemBase\Coin</Filter>
    </ClInclude>
    <ClInclude Include="collision.hpp">
      <Filter>Collision</Filter>
    </ClInclude>
    <ClInclude Include="power_up.hpp">
      <Filter>ItemBase\Powerup</Filter>
    </ClInclude>
    <ClInclude Include="pos_collision.hpp">
      <Filter>PosCollision</Filter>
    </ClInclude>
    <ClInclude Include="enemy.hpp">
      <Filter>Enemy</Filter>
    </ClInclude>
    <ClInclude Include="enemy_base.hpp">
      <Filter>EnemyBase</Filter>
    </ClInclude>
    <ClInclude Include="kuribo.hpp">
      <Filter>EnemyBase\Kuribo</Filter>
    </ClInclude>
    <ClInclude Include="turtle.hpp">
      <Filter>EnemyBase\Turtle</Filter>
    </ClInclude>
    <ClInclude Include="goal.hpp">
      <Filter>ItemBase\Goal</Filter>
    </ClInclude>
    <ClInclude Include="ball_management.hpp">
      <Filter>Fireball</Filter>
    </ClInclude>
    <ClInclude Include="fire_factory.hpp">
      <Filter>Fireball</Filter>
    </ClInclude>
    <ClInclude Include="castle_flag.hpp">
      <Filter>ItemBase\CastleFlag</Filter>
    </ClInclude>
    <ClInclude Include="share.hpp">
      <Filter>Share</Filter>
    </ClInclude>
    <ClInclude Include="rect.hpp">
      <Filter>ヘッダー ファイル</Filter>
    </ClInclude>
    <ClInclude Include="ui_manager.hpp">
      <Filter>UserInterface</Filter>
    </ClInclude>
    <ClInclude Include="ui_map.hpp">
      <Filter>UserInterface\UI_Map</Filter>
    </ClInclude>
    <ClInclude Include="ui_base.hpp">
      <Filter>UserInterface\UI_Base</Filter>
    </ClInclude>
    <ClInclude Include="position.hpp">
      <Filter>ヘッダー ファイル</Filter>
    </ClInclude>
    <ClInclude Include="ui_coin.hpp">
      <Filter>UserInterface\UI_Coin</Filter>
    </ClInclude>
    <ClInclude Include="number.hpp">
      <Filter>ヘッダー ファイル</Filter>
    </ClInclude>
    <ClInclude Include="ui_time.hpp">
      <Filter>UserInterface\UI_Time</Filter>
    </ClInclude>
    <ClInclude Include="ui_score.hpp">
      <Filter>UserInterface\UI_Score</Filter>
    </ClInclude>
    <ClInclude Include="digit.hpp">
      <Filter>ヘッダー ファイル</Filter>
    </ClInclude>
    <ClInclude Include="xinput.hpp">
      <Filter>ヘッダー ファイル</Filter>
    </ClInclude>
    <ClInclude Include="goal_fire.hpp">
      <Filter>GoalFire</Filter>
    </ClInclude>
    <ClInclude Include="namespace.hpp">
      <Filter>ヘッダー ファイル</Filter>
    </ClInclude>
  </ItemGroup>
</Project>